
Microsoft Visual Studio Solution File, Format Version 12.00
# Visual Studio 2013
VisualStudioVersion = 12.0.21005.1
MinimumVisualStudioVersion = 10.0.40219.1
Project("{FAE04EC0-301F-11D3-BF4B-00C04F79EFBC}") = "I2CRack", "I2CRack\I2CRack.csproj", "{13D24EE6-68D4-4A47-8DC7-681D73F08F1E}"
EndProject
Project("{FAE04EC0-301F-11D3-BF4B-00C04F79EFBC}") = "ModFactoryTestCore", "ModFactoryTestCore\ModFactoryTestCore.csproj", "{0E83273A-FEE7-484E-B78E-C201BAF4F987}"
EndProject
Project("{FAE04EC0-301F-11D3-BF4B-00C04F79EFBC}") = "ModFactoryTestUnity", "ModFactoryTestUnity\ModFactoryTestUnity.csproj", "{31D55994-CD9E-4C54-859C-0893770FC81C}"
EndProject
Project("{FAE04EC0-301F-11D3-BF4B-00C04F79EFBC}") = "ModFactoryTestUI", "ModFactoryTestUI\ModFactoryTestUI.csproj", "{C53CB718-598B-4B9A-BC49-CCA6E7AA6CB0}"
EndProject
Project("{FAE04EC0-301F-11D3-BF4B-00C04F79EFBC}") = "ModFactoryTest_VisualInspection", "ModFactoryTest_VisualInspection\ModFactoryTest_VisualInspection.csproj", "{9BFCCF85-A2D3-47DA-9A6A-D483541CB7D0}"
EndProject
Project("{FAE04EC0-301F-11D3-BF4B-00C04F79EFBC}") = "CodedUITestProject", "CodedUITestProject\CodedUITestProject.csproj", "{AA25D6C0-D52F-4BDC-89E1-01E255D10724}"
EndProject
Global
	GlobalSection(SolutionConfigurationPlatforms) = preSolution
		Debug|Any CPU = Debug|Any CPU
		Debug|Mixed Platforms = Debug|Mixed Platforms
		Debug|x86 = Debug|x86
		Release|Any CPU = Release|Any CPU
		Release|Mixed Platforms = Release|Mixed Platforms
		Release|x86 = Release|x86
	EndGlobalSection
	GlobalSection(ProjectConfigurationPlatforms) = postSolution
		{13D24EE6-68D4-4A47-8DC7-681D73F08F1E}.Debug|Any CPU.ActiveCfg = Debug|Any CPU
		{13D24EE6-68D4-4A47-8DC7-681D73F08F1E}.Debug|Any CPU.Build.0 = Debug|Any CPU
		{13D24EE6-68D4-4A47-8DC7-681D73F08F1E}.Debug|Mixed Platforms.ActiveCfg = Debug|Any CPU
		{13D24EE6-68D4-4A47-8DC7-681D73F08F1E}.Debug|Mixed Platforms.Build.0 = Debug|Any CPU
		{13D24EE6-68D4-4A47-8DC7-681D73F08F1E}.Debug|x86.ActiveCfg = Debug|Any CPU
		{13D24EE6-68D4-4A47-8DC7-681D73F08F1E}.Release|Any CPU.ActiveCfg = Release|Any CPU
		{13D24EE6-68D4-4A47-8DC7-681D73F08F1E}.Release|Any CPU.Build.0 = Release|Any CPU
		{13D24EE6-68D4-4A47-8DC7-681D73F08F1E}.Release|Mixed Platforms.ActiveCfg = Release|Any CPU
		{13D24EE6-68D4-4A47-8DC7-681D73F08F1E}.Release|Mixed Platforms.Build.0 = Release|Any CPU
		{13D24EE6-68D4-4A47-8DC7-681D73F08F1E}.Release|x86.ActiveCfg = Release|Any CPU
		{0E83273A-FEE7-484E-B78E-C201BAF4F987}.Debug|Any CPU.ActiveCfg = Debug|Any CPU
		{0E83273A-FEE7-484E-B78E-C201BAF4F987}.Debug|Any CPU.Build.0 = Debug|Any CPU
		{0E83273A-FEE7-484E-B78E-C201BAF4F987}.Debug|Mixed Platforms.ActiveCfg = Debug|Any CPU
		{0E83273A-FEE7-484E-B78E-C201BAF4F987}.Debug|Mixed Platforms.Build.0 = Debug|Any CPU
		{0E83273A-FEE7-484E-B78E-C201BAF4F987}.Debug|x86.ActiveCfg = Debug|Any CPU
		{0E83273A-FEE7-484E-B78E-C201BAF4F987}.Release|Any CPU.ActiveCfg = Release|Any CPU
		{0E83273A-FEE7-484E-B78E-C201BAF4F987}.Release|Any CPU.Build.0 = Release|Any CPU
		{0E83273A-FEE7-484E-B78E-C201BAF4F987}.Release|Mixed Platforms.ActiveCfg = Release|Any CPU
		{0E83273A-FEE7-484E-B78E-C201BAF4F987}.Release|Mixed Platforms.Build.0 = Release|Any CPU
		{0E83273A-FEE7-484E-B78E-C201BAF4F987}.Release|x86.ActiveCfg = Release|Any CPU
		{31D55994-CD9E-4C54-859C-0893770FC81C}.Debug|Any CPU.ActiveCfg = Debug|Any CPU
		{31D55994-CD9E-4C54-859C-0893770FC81C}.Debug|Any CPU.Build.0 = Debug|Any CPU
		{31D55994-CD9E-4C54-859C-0893770FC81C}.Debug|Mixed Platforms.ActiveCfg = Debug|Any CPU
		{31D55994-CD9E-4C54-859C-0893770FC81C}.Debug|Mixed Platforms.Build.0 = Debug|Any CPU
		{31D55994-CD9E-4C54-859C-0893770FC81C}.Debug|x86.ActiveCfg = Debug|Any CPU
		{31D55994-CD9E-4C54-859C-0893770FC81C}.Release|Any CPU.ActiveCfg = Release|Any CPU
		{31D55994-CD9E-4C54-859C-0893770FC81C}.Release|Any CPU.Build.0 = Release|Any CPU
		{31D55994-CD9E-4C54-859C-0893770FC81C}.Release|Mixed Platforms.ActiveCfg = Release|Any CPU
		{31D55994-CD9E-4C54-859C-0893770FC81C}.Release|Mixed Platforms.Build.0 = Release|Any CPU
		{31D55994-CD9E-4C54-859C-0893770FC81C}.Release|x86.ActiveCfg = Release|Any CPU
		{C53CB718-598B-4B9A-BC49-CCA6E7AA6CB0}.Debug|Any CPU.ActiveCfg = Debug|Any CPU
		{C53CB718-598B-4B9A-BC49-CCA6E7AA6CB0}.Debug|Any CPU.Build.0 = Debug|Any CPU
		{C53CB718-598B-4B9A-BC49-CCA6E7AA6CB0}.Debug|Mixed Platforms.ActiveCfg = Debug|Any CPU
		{C53CB718-598B-4B9A-BC49-CCA6E7AA6CB0}.Debug|Mixed Platforms.Build.0 = Debug|Any CPU
		{C53CB718-598B-4B9A-BC49-CCA6E7AA6CB0}.Debug|x86.ActiveCfg = Debug|Any CPU
		{C53CB718-598B-4B9A-BC49-CCA6E7AA6CB0}.Release|Any CPU.ActiveCfg = Release|Any CPU
		{C53CB718-598B-4B9A-BC49-CCA6E7AA6CB0}.Release|Any CPU.Build.0 = Release|Any CPU
		{C53CB718-598B-4B9A-BC49-CCA6E7AA6CB0}.Release|Mixed Platforms.ActiveCfg = Release|Any CPU
		{C53CB718-598B-4B9A-BC49-CCA6E7AA6CB0}.Release|Mixed Platforms.Build.0 = Release|Any CPU
		{C53CB718-598B-4B9A-BC49-CCA6E7AA6CB0}.Release|x86.ActiveCfg = Release|Any CPU
		{9BFCCF85-A2D3-47DA-9A6A-D483541CB7D0}.Debug|Any CPU.ActiveCfg = Debug|x86
		{9BFCCF85-A2D3-47DA-9A6A-D483541CB7D0}.Debug|Mixed Platforms.ActiveCfg = Debug|x86
		{9BFCCF85-A2D3-47DA-9A6A-D483541CB7D0}.Debug|Mixed Platforms.Build.0 = Debug|x86
		{9BFCCF85-A2D3-47DA-9A6A-D483541CB7D0}.Debug|x86.ActiveCfg = Debug|x86
		{9BFCCF85-A2D3-47DA-9A6A-D483541CB7D0}.Debug|x86.Build.0 = Debug|x86
		{9BFCCF85-A2D3-47DA-9A6A-D483541CB7D0}.Release|Any CPU.ActiveCfg = Release|x86
		{9BFCCF85-A2D3-47DA-9A6A-D483541CB7D0}.Release|Mixed Platforms.ActiveCfg = Release|x86
		{9BFCCF85-A2D3-47DA-9A6A-D483541CB7D0}.Release|Mixed Platforms.Build.0 = Release|x86
		{9BFCCF85-A2D3-47DA-9A6A-D483541CB7D0}.Release|x86.ActiveCfg = Release|x86
		{9BFCCF85-A2D3-47DA-9A6A-D483541CB7D0}.Release|x86.Build.0 = Release|x86
		{AA25D6C0-D52F-4BDC-89E1-01E255D10724}.Debug|Any CPU.ActiveCfg = Debug|Any CPU
		{AA25D6C0-D52F-4BDC-89E1-01E255D10724}.Debug|Any CPU.Build.0 = Debug|Any CPU
		{AA25D6C0-D52F-4BDC-89E1-01E255D10724}.Debug|Mixed Platforms.ActiveCfg = Debug|Any CPU
		{AA25D6C0-D52F-4BDC-89E1-01E255D10724}.Debug|x86.ActiveCfg = Debug|Any CPU
		{AA25D6C0-D52F-4BDC-89E1-01E255D10724}.Release|Any CPU.ActiveCfg = Release|Any CPU
		{AA25D6C0-D52F-4BDC-89E1-01E255D10724}.Release|Any CPU.Build.0 = Release|Any CPU
		{AA25D6C0-D52F-4BDC-89E1-01E255D10724}.Release|Mixed Platforms.ActiveCfg = Release|Any CPU
		{AA25D6C0-D52F-4BDC-89E1-01E255D10724}.Release|Mixed Platforms.Build.0 = Release|Any CPU
		{AA25D6C0-D52F-4BDC-89E1-01E255D10724}.Release|x86.ActiveCfg = Release|Any CPU
	EndGlobalSection
	GlobalSection(SolutionProperties) = preSolution
		HideSolutionNode = FALSE
	EndGlobalSection
EndGlobal
